
Microsoft Visual Studio Solution File, Format Version 12.00
# Visual Studio Version 17
VisualStudioVersion = 17.11.35327.3
MinimumVisualStudioVersion = 10.0.40219.1
Project("{FAE04EC0-301F-11D3-BF4B-00C04F79EFBC}") = "DocumentGenerator.Web", "DocumentGenerator.Web\DocumentGenerator.Web.csproj", "{77CBB853-2D46-4A41-9735-FD058BEB7F19}"
EndProject
Global
	GlobalSection(SolutionConfigurationPlatforms) = preSolution
		Debug|Any CPU = Debug|Any CPU
		Release|Any CPU = Release|Any CPU
	EndGlobalSection
	GlobalSection(ProjectConfigurationPlatforms) = postSolution
		{77CBB853-2D46-4A41-9735-FD058BEB7F19}.Debug|Any CPU.ActiveCfg = Debug|Any CPU
		{77CBB853-2D46-4A41-9735-FD058BEB7F19}.Debug|Any CPU.Build.0 = Debug|Any CPU
		{77CBB853-2D46-4A41-9735-FD058BEB7F19}.Release|Any CPU.ActiveCfg = Release|Any CPU
		{77CBB853-2D46-4A41-9735-FD058BEB7F19}.Release|Any CPU.Build.0 = Release|Any CPU
	EndGlobalSection
	GlobalSection(SolutionProperties) = preSolution
		HideSolutionNode = FALSE
	EndGlobalSection
	GlobalSection(ExtensibilityGlobals) = postSolution
		SolutionGuid = {4BD38D58-68E5-4A6F-92E2-5E38D69DA1D3}
	EndGlobalSection
EndGlobal
